github.com/apache/arrow-go/v18 v18.2.0 h1:re0wKJ3/K2SZC35tPsoXHPzMFi5n8n1flOU5gNk7zA4=
github.com/apache/arrow-go/v18 v18.2.0/go.mod h1:lL1elWwHm/LyPip3CNoFNx4ZGt2K1NQDs/TBK2++DTA=
github.com/goccy/go-json v0.10.5 h1:FqD4G6pLlhE0SVxzRb08xQ4j0YT3dQ3aBSamhJc1sV0=
github.com/goccy/go-json v0.10.5/go.mod h1:oq7eo15ShAhp70Anwd5lgX2pLfOS3QCiwU/PULtXL6M=
github.com/google/flatbuffers v25.2.10+incompatible h1:F3vclr7C3HpB1k9mxCGRMXq6FdUalZ6H/pNX4s1iUvQ=
github.com/google/flatbuffers v25.2.10+incompatible/go.mod h1:1AeVuKshWv4vARoZatz6mlQ0JxURH0Kv5+zNeJKJCa8=
github.com/google/uuid v1.6.0 h1:NIvaJDMOsjHA8n1jAhLSgzrAzy1Hgr+hNrb57e+94F0=
github.com/google/uuid v1.6.0/go.mod h1:TIyPZe4MgqvfeYDBFedMoGGpEw/LqOeaOT+nhxU+yHo=
github.com/grpc-ecosystem/grpc-gateway/v2 v2.29.0 h1:WNB4A1R6a8gn9GtBMA8v9iCRR1F0Vc3h2sYtnKLiRU=
github.com/grpc-ecosystem/grpc-gateway/v2 v2.29.0/go.mod h1:g1A2l9kIGU4Cj4iLKFYDB9n+GJNMNK4tXCLaw2Cw+sM=
github.com/klauspost/compress v1.18.0 h1:cG0qSJWf0f2EptrG6Q2L6D8G0risUb5YReblK2qF0kI=
github.com/klauspost/compress v1.18.0/go.mod h1:Zm0EJQ98i/lCl4gAlQgtLP0VAEop/F1M8/1lvoC0Nqs=
github.com/klauspost/cpuid/v2 v2.2.10 h1:tBs3QSyHjVrG7MvM5A8LDOL0Z0BKF1kGel3L1M0gPWE=
github.com/klauspost/cpuid/v2 v2.2.10/go.mod h1:hqwkgyI0Qa0gQb+JN+KbB5I8qSCL6q8TYEsdaJbPDHE=
github.com/marcboeker/go-duckdb v1.8.3 h1:iz5I8OpXXYZGkDcBiFUvBgZgP2TfG+1YIxHJvvQ2wSA=
github.com/marcboeker/go-duckdb v1.8.3/go.mod h1:JFy4OcDx0Hv46ARzrvA0a2vC0AvOdLmjW6dOUcyuUyE=
github.com/pierrec/lz4/v4 v4.1.22 h1:cKFw6uJDK+/gfqEahm5rV+w2U28wR5KMK/T6DTzWHwU=
github.com/pierrec/lz4/v4 v4.1.22/go.mod h1:gZWDp/Ze/IJXGXf23ltt2EXimqmTUXEy0GFuRQyBid4=
github.com/zeebo/xxh3 v1.0.2 h1:xZmwmqxHZA8AI603jOQ0tM3iA1+V9ZDpIE+DOhgPICE=
github.com/zeebo/xxh3 v1.0.2/go.mod h1:5NWz9S2g6hf2LatUcT6s5c5BwUpGSlVQk3N8v0sGAUQ=
golang.org/x/net v0.51.0 h1:2g6Z2W3BQjUk1X4Xh+IPqkCBWS0lzEtgLZdfMtJfWiM=
golang.org/x/net v0.51.0/go.mod h1:C5agRVSRNVYqE4N1XTe3G1nDkH//vNsoTKPM9KlCmuQ=
golang.org/x/sys v0.42.0 h1:5tGhQwmlZwBAiADwJ3HbPd2Sh8OBSKMJjhLqKETRvsY=
golang.org/x/sys v0.42.0/go.mod h1:h1NjWce9XRLGQEsW7wpKNCjG9DtNlClVuFLEZdDNbEs=
golang.org/x/text v0.36.0 h1:lQ8nN7ZQ/3R0Et5nN6oFJ0QrBFeHlJz0hOF8G1M+Rto=
golang.org/x/text v0.36.0/go.mod h1:c0BHzbOZ8VN5GvY0i3VDBg0F0pI6809ujeGOO0s5Cxk=
google.golang.org/genproto/googleapis/api v0.0.0-20260414002931-afd174a4e478 h1:45zUMVstgOvYppAdPRXMMjNpxS9OmHQGPq3/3rRbHFs=
google.golang.org/genproto/googleapis/api v0.0.0-20260414002931-afd174a4e478/go.mod h1:nhOPIjoC1lMl0hk5NCb5UJjh3L1+pN4EWQD/qQwAabA=
google.golang.org/genproto/googleapis/rpc v0.0.0-20260414002931-afd174a4e478 h1:HtlKNYkZ5VmjJ2r+qGyeZ5PUY62SGDOWkDp3wTLS6X8=
google.golang.org/genproto/googleapis/rpc v0.0.0-20260414002931-afd174a4e478/go.mod h1:YWcYpGeVLG0D7gBuB/7L3ufBWeWJ0A3AYCIgTJJ2No8=
google.golang.org/grpc v1.81.1 h1:Oj+L1+7T0x4AEqeCaSAkqO0HMG9BG54N8B5pE+fZItM=
google.golang.org/grpc v1.81.1/go.mod h1:gOxJctUQnAY0l8ixbN3IhGKxPBHfjGQ5Y3xq3m+DJX4=
google.golang.org/protobuf v1.36.11 h1:HkA+awhfx0G7Y27qO3LgKH6UY6rZJR2m0dYfL4IKkXQ=
google.golang.org/protobuf v1.36.11/go.mod h1:9fA7Ob0pmnwhb644+1+CVWFRbNajQ6iRojtC/QF5bRE=
